
Microsoft Visual Studio Solution File, Format Version 12.00
# Visual Studio Version 17
VisualStudioVersion = 17.14.36221.1 d17.14
MinimumVisualStudioVersion = 10.0.40219.1
Project("{FAE04EC0-301F-11D3-BF4B-00C04F79EFBC}") = "NextDev_Blazor2", "NextDev_Blazor2.csproj", "{181ADC22-91E9-4708-9AB7-AC270D8A8450}"
EndProject
Global
	GlobalSection(SolutionConfigurationPlatforms) = preSolution
		Debug|Any CPU = Debug|Any CPU
		Release|Any CPU = Release|Any CPU
	EndGlobalSection
	GlobalSection(ProjectConfigurationPlatforms) = postSolution
		{181ADC22-91E9-4708-9AB7-AC270D8A8450}.Debug|Any CPU.ActiveCfg = Debug|Any CPU
		{181ADC22-91E9-4708-9AB7-AC270D8A8450}.Debug|Any CPU.Build.0 = Debug|Any CPU
		{181ADC22-91E9-4708-9AB7-AC270D8A8450}.Release|Any CPU.ActiveCfg = Release|Any CPU
		{181ADC22-91E9-4708-9AB7-AC270D8A8450}.Release|Any CPU.Build.0 = Release|Any CPU
	EndGlobalSection
	GlobalSection(SolutionProperties) = preSolution
		HideSolutionNode = FALSE
	EndGlobalSection
	GlobalSection(ExtensibilityGlobals) = postSolution
		SolutionGuid = {77412BAB-5AB7-4926-9713-57CEAD7DDA23}
	EndGlobalSection
EndGlobal
